
Microsoft Visual Studio Solution File, Format Version 12.00
Project("{FAE04EC0-301F-11D3-BF4B-00C04F79EFBC}") = "HxGLTF.Monogame", "HxGLTF.Monogame\HxGLTF.Monogame.csproj", "{14DAC030-3BB8-4185-844A-DB71D70FA0FA}"
EndProject
Global
	GlobalSection(SolutionConfigurationPlatforms) = preSolution
		Debug|Any CPU = Debug|Any CPU
		Release|Any CPU = Release|Any CPU
	EndGlobalSection
	GlobalSection(ProjectConfigurationPlatforms) = postSolution
		{14DAC030-3BB8-4185-844A-DB71D70FA0FA}.Debug|Any CPU.ActiveCfg = Debug|Any CPU
		{14DAC030-3BB8-4185-844A-DB71D70FA0FA}.Debug|Any CPU.Build.0 = Debug|Any CPU
		{14DAC030-3BB8-4185-844A-DB71D70FA0FA}.Release|Any CPU.ActiveCfg = Release|Any CPU
		{14DAC030-3BB8-4185-844A-DB71D70FA0FA}.Release|Any CPU.Build.0 = Release|Any CPU
	EndGlobalSection
EndGlobal
